
Microsoft Visual Studio Solution File, Format Version 12.00
# Visual Studio 15
VisualStudioVersion = 15.0.26228.9
MinimumVisualStudioVersion = 10.0.40219.1
Project("{FAE04EC0-301F-11D3-BF4B-00C04F79EFBC}") = "NumberComplement", "NumberComplement\NumberComplement.csproj", "{C35ECD83-2E5C-415B-A578-3B97A53B109B}"
EndProject
Project("{FAE04EC0-301F-11D3-BF4B-00C04F79EFBC}") = "NumberComplement.UnitTest", "NumberComplement.UnitTest\NumberComplement.UnitTest.csproj", "{65ABDFEB-43BF-4AFF-A7E6-206274D9A4ED}"
EndProject
Global
	GlobalSection(SolutionConfigurationPlatforms) = preSolution
		Debug|Any CPU = Debug|Any CPU
		Release|Any CPU = Release|Any CPU
	EndGlobalSection
	GlobalSection(ProjectConfigurationPlatforms) = postSolution
		{C35ECD83-2E5C-415B-A578-3B97A53B109B}.Debug|Any CPU.ActiveCfg = Debug|Any CPU
		{C35ECD83-2E5C-415B-A578-3B97A53B109B}.Debug|Any CPU.Build.0 = Debug|Any CPU
		{C35ECD83-2E5C-415B-A578-3B97A53B109B}.Release|Any CPU.ActiveCfg = Release|Any CPU
		{C35ECD83-2E5C-415B-A578-3B97A53B109B}.Release|Any CPU.Build.0 = Release|Any CPU
		{65ABDFEB-43BF-4AFF-A7E6-206274D9A4ED}.Debug|Any CPU.ActiveCfg = Debug|Any CPU
		{65ABDFEB-43BF-4AFF-A7E6-206274D9A4ED}.Debug|Any CPU.Build.0 = Debug|Any CPU
		{65ABDFEB-43BF-4AFF-A7E6-206274D9A4ED}.Release|Any CPU.ActiveCfg = Release|Any CPU
		{65ABDFEB-43BF-4AFF-A7E6-206274D9A4ED}.Release|Any CPU.Build.0 = Release|Any CPU
	EndGlobalSection
	GlobalSection(SolutionProperties) = preSolution
		HideSolutionNode = FALSE
	EndGlobalSection
EndGlobal
